
Microsoft Visual Studio Solution File, Format Version 12.00
# Visual Studio 14
VisualStudioVersion = 14.0.25123.0
MinimumVisualStudioVersion = 10.0.40219.1
Project("{FAE04EC0-301F-11D3-BF4B-00C04F79EFBC}") = "FractalXamDroid", "src\FractalXamDroid\FractalXamDroid.csproj", "{CBB99FB4-391C-4360-80F9-EB36CA2F7A2B}"
EndProject
Project("{F2A71F9B-5D33-465A-A702-920D77279786}") = "FractalXam.Core", "src\FractalXam.Core\FractalXam.Core.fsproj", "{BC8B1A40-ED9C-4D33-9E4F-B587A6523B17}"
EndProject
Global
	GlobalSection(SolutionConfigurationPlatforms) = preSolution
		Debug|Any CPU = Debug|Any CPU
		Release|Any CPU = Release|Any CPU
	EndGlobalSection
	GlobalSection(ProjectConfigurationPlatforms) = postSolution
		{CBB99FB4-391C-4360-80F9-EB36CA2F7A2B}.Debug|Any CPU.ActiveCfg = Debug|Any CPU
		{CBB99FB4-391C-4360-80F9-EB36CA2F7A2B}.Debug|Any CPU.Build.0 = Debug|Any CPU
		{CBB99FB4-391C-4360-80F9-EB36CA2F7A2B}.Debug|Any CPU.Deploy.0 = Debug|Any CPU
		{CBB99FB4-391C-4360-80F9-EB36CA2F7A2B}.Release|Any CPU.ActiveCfg = Release|Any CPU
		{CBB99FB4-391C-4360-80F9-EB36CA2F7A2B}.Release|Any CPU.Build.0 = Release|Any CPU
		{CBB99FB4-391C-4360-80F9-EB36CA2F7A2B}.Release|Any CPU.Deploy.0 = Release|Any CPU
		{BC8B1A40-ED9C-4D33-9E4F-B587A6523B17}.Debug|Any CPU.ActiveCfg = Debug|Any CPU
		{BC8B1A40-ED9C-4D33-9E4F-B587A6523B17}.Debug|Any CPU.Build.0 = Debug|Any CPU
		{BC8B1A40-ED9C-4D33-9E4F-B587A6523B17}.Release|Any CPU.ActiveCfg = Release|Any CPU
		{BC8B1A40-ED9C-4D33-9E4F-B587A6523B17}.Release|Any CPU.Build.0 = Release|Any CPU
	EndGlobalSection
	GlobalSection(SolutionProperties) = preSolution
		HideSolutionNode = FALSE
	EndGlobalSection
EndGlobal
